
Microsoft Visual Studio Solution File, Format Version 12.00
# Visual Studio 15
VisualStudioVersion = 15.0.27703.2035
MinimumVisualStudioVersion = 10.0.40219.1
Project("{888888A0-9F3D-457C-B088-3A5042F75D52}") = "IronPythonApplication1", "IronPythonApplication1\IronPythonApplication1.pyproj", "{9E789E66-78C6-4760-B3A2-0878974D994B}"
EndProject
Global
	GlobalSection(SolutionConfigurationPlatforms) = preSolution
		Debug|Any CPU = Debug|Any CPU
		Release|Any CPU = Release|Any CPU
	EndGlobalSection
	GlobalSection(ProjectConfigurationPlatforms) = postSolution
		{9E789E66-78C6-4760-B3A2-0878974D994B}.Debug|Any CPU.ActiveCfg = Debug|Any CPU
		{9E789E66-78C6-4760-B3A2-0878974D994B}.Release|Any CPU.ActiveCfg = Release|Any CPU
	EndGlobalSection
	GlobalSection(SolutionProperties) = preSolution
		HideSolutionNode = FALSE
	EndGlobalSection
	GlobalSection(ExtensibilityGlobals) = postSolution
		SolutionGuid = {D40E602B-34E8-46DF-81CF-48A8B154C4BF}
	EndGlobalSection
EndGlobal
