
Microsoft Visual Studio Solution File, Format Version 12.00
# Visual Studio Version 16
VisualStudioVersion = 16.0.29926.136
MinimumVisualStudioVersion = 10.0.40219.1
Project("{FAE04EC0-301F-11D3-BF4B-00C04F79EFBC}") = "ModifiedKaprekarNumbers", "ModifiedKaprekarNumbers\ModifiedKaprekarNumbers.csproj", "{FBA3E3B2-5755-49F5-9F2E-63845DDB7139}"
EndProject
Global
	GlobalSection(SolutionConfigurationPlatforms) = preSolution
		Debug|Any CPU = Debug|Any CPU
		Release|Any CPU = Release|Any CPU
	EndGlobalSection
	GlobalSection(ProjectConfigurationPlatforms) = postSolution
		{FBA3E3B2-5755-49F5-9F2E-63845DDB7139}.Debug|Any CPU.ActiveCfg = Debug|Any CPU
		{FBA3E3B2-5755-49F5-9F2E-63845DDB7139}.Debug|Any CPU.Build.0 = Debug|Any CPU
		{FBA3E3B2-5755-49F5-9F2E-63845DDB7139}.Release|Any CPU.ActiveCfg = Release|Any CPU
		{FBA3E3B2-5755-49F5-9F2E-63845DDB7139}.Release|Any CPU.Build.0 = Release|Any CPU
	EndGlobalSection
	GlobalSection(SolutionProperties) = preSolution
		HideSolutionNode = FALSE
	EndGlobalSection
	GlobalSection(ExtensibilityGlobals) = postSolution
		SolutionGuid = {D2349D73-D832-4215-84D3-8EFE6DB4EE2C}
	EndGlobalSection
EndGlobal
