
Microsoft Visual Studio Solution File, Format Version 12.00
# Visual Studio Version 16
VisualStudioVersion = 16.0.29102.190
MinimumVisualStudioVersion = 10.0.40219.1
Project("{FAE04EC0-301F-11D3-BF4B-00C04F79EFBC}") = "Staircase", "Staircase\Staircase.csproj", "{65D35E59-13CA-45C3-A6C8-6A43B628F4D8}"
EndProject
Global
	GlobalSection(SolutionConfigurationPlatforms) = preSolution
		Debug|Any CPU = Debug|Any CPU
		Release|Any CPU = Release|Any CPU
	EndGlobalSection
	GlobalSection(ProjectConfigurationPlatforms) = postSolution
		{65D35E59-13CA-45C3-A6C8-6A43B628F4D8}.Debug|Any CPU.ActiveCfg = Debug|Any CPU
		{65D35E59-13CA-45C3-A6C8-6A43B628F4D8}.Debug|Any CPU.Build.0 = Debug|Any CPU
		{65D35E59-13CA-45C3-A6C8-6A43B628F4D8}.Release|Any CPU.ActiveCfg = Release|Any CPU
		{65D35E59-13CA-45C3-A6C8-6A43B628F4D8}.Release|Any CPU.Build.0 = Release|Any CPU
	EndGlobalSection
	GlobalSection(SolutionProperties) = preSolution
		HideSolutionNode = FALSE
	EndGlobalSection
	GlobalSection(ExtensibilityGlobals) = postSolution
		SolutionGuid = {0B7D855E-EE10-412F-A1CD-81249D007EF9}
	EndGlobalSection
EndGlobal
