
Microsoft Visual Studio Solution File, Format Version 12.00
# Visual Studio 15
VisualStudioVersion = 15.0.26730.15
MinimumVisualStudioVersion = 10.0.40219.1
Project("{FAE04EC0-301F-11D3-BF4B-00C04F79EFBC}") = "Search_Swap_Nodes", "Search_Swap_Nodes\Search_Swap_Nodes.csproj", "{73D71181-95F2-43AB-81BF-FF118A5E1198}"
EndProject
Global
	GlobalSection(SolutionConfigurationPlatforms) = preSolution
		Debug|Any CPU = Debug|Any CPU
		Release|Any CPU = Release|Any CPU
	EndGlobalSection
	GlobalSection(ProjectConfigurationPlatforms) = postSolution
		{73D71181-95F2-43AB-81BF-FF118A5E1198}.Debug|Any CPU.ActiveCfg = Debug|Any CPU
		{73D71181-95F2-43AB-81BF-FF118A5E1198}.Debug|Any CPU.Build.0 = Debug|Any CPU
		{73D71181-95F2-43AB-81BF-FF118A5E1198}.Release|Any CPU.ActiveCfg = Release|Any CPU
		{73D71181-95F2-43AB-81BF-FF118A5E1198}.Release|Any CPU.Build.0 = Release|Any CPU
	EndGlobalSection
	GlobalSection(SolutionProperties) = preSolution
		HideSolutionNode = FALSE
	EndGlobalSection
	GlobalSection(ExtensibilityGlobals) = postSolution
		SolutionGuid = {D0E422B4-1BB5-40C8-9675-44260EB41322}
	EndGlobalSection
EndGlobal
