
Microsoft Visual Studio Solution File, Format Version 12.00
# Visual Studio Version 16
VisualStudioVersion = 16.0.29403.142
MinimumVisualStudioVersion = 10.0.40219.1
Project("{FAE04EC0-301F-11D3-BF4B-00C04F79EFBC}") = "DrawingBook", "DrawingBook\DrawingBook.csproj", "{F6F83B36-DE9F-406B-83B6-81A02809275D}"
EndProject
Global
	GlobalSection(SolutionConfigurationPlatforms) = preSolution
		Debug|Any CPU = Debug|Any CPU
		Release|Any CPU = Release|Any CPU
	EndGlobalSection
	GlobalSection(ProjectConfigurationPlatforms) = postSolution
		{F6F83B36-DE9F-406B-83B6-81A02809275D}.Debug|Any CPU.ActiveCfg = Debug|Any CPU
		{F6F83B36-DE9F-406B-83B6-81A02809275D}.Debug|Any CPU.Build.0 = Debug|Any CPU
		{F6F83B36-DE9F-406B-83B6-81A02809275D}.Release|Any CPU.ActiveCfg = Release|Any CPU
		{F6F83B36-DE9F-406B-83B6-81A02809275D}.Release|Any CPU.Build.0 = Release|Any CPU
	EndGlobalSection
	GlobalSection(SolutionProperties) = preSolution
		HideSolutionNode = FALSE
	EndGlobalSection
	GlobalSection(ExtensibilityGlobals) = postSolution
		SolutionGuid = {3398576D-4C52-47F8-93CC-3FF17CA8FCAA}
	EndGlobalSection
EndGlobal
