
Microsoft Visual Studio Solution File, Format Version 12.00
# Visual Studio 15
VisualStudioVersion = 15.0.26730.15
MinimumVisualStudioVersion = 10.0.40219.1
Project("{FAE04EC0-301F-11D3-BF4B-00C04F79EFBC}") = "ConsoleApp10", "ConsoleApp10\ConsoleApp10.csproj", "{E6FEDC69-991C-4575-8F4F-121C8F60AB26}"
EndProject
Project("{FAE04EC0-301F-11D3-BF4B-00C04F79EFBC}") = "UnitTestProject1", "UnitTestProject1\UnitTestProject1.csproj", "{293B9CDF-EE96-4541-B20A-DA0B056F7D47}"
EndProject
Global
	GlobalSection(SolutionConfigurationPlatforms) = preSolution
		Debug|Any CPU = Debug|Any CPU
		Release|Any CPU = Release|Any CPU
	EndGlobalSection
	GlobalSection(ProjectConfigurationPlatforms) = postSolution
		{E6FEDC69-991C-4575-8F4F-121C8F60AB26}.Debug|Any CPU.ActiveCfg = Debug|Any CPU
		{E6FEDC69-991C-4575-8F4F-121C8F60AB26}.Debug|Any CPU.Build.0 = Debug|Any CPU
		{E6FEDC69-991C-4575-8F4F-121C8F60AB26}.Release|Any CPU.ActiveCfg = Release|Any CPU
		{E6FEDC69-991C-4575-8F4F-121C8F60AB26}.Release|Any CPU.Build.0 = Release|Any CPU
		{293B9CDF-EE96-4541-B20A-DA0B056F7D47}.Debug|Any CPU.ActiveCfg = Debug|Any CPU
		{293B9CDF-EE96-4541-B20A-DA0B056F7D47}.Debug|Any CPU.Build.0 = Debug|Any CPU
		{293B9CDF-EE96-4541-B20A-DA0B056F7D47}.Release|Any CPU.ActiveCfg = Release|Any CPU
		{293B9CDF-EE96-4541-B20A-DA0B056F7D47}.Release|Any CPU.Build.0 = Release|Any CPU
	EndGlobalSection
	GlobalSection(SolutionProperties) = preSolution
		HideSolutionNode = FALSE
	EndGlobalSection
	GlobalSection(ExtensibilityGlobals) = postSolution
		SolutionGuid = {6DD89DE6-875B-443B-8A50-9ACD283B04D0}
	EndGlobalSection
EndGlobal
