
Microsoft Visual Studio Solution File, Format Version 12.00
# Visual Studio Version 16
VisualStudioVersion = 16.0.29102.190
MinimumVisualStudioVersion = 10.0.40219.1
Project("{FAE04EC0-301F-11D3-BF4B-00C04F79EFBC}") = "kangaroo", "kangaroo\kangaroo.csproj", "{5377DBB8-294A-4D77-A560-B18067A99CF0}"
EndProject
Global
	GlobalSection(SolutionConfigurationPlatforms) = preSolution
		Debug|Any CPU = Debug|Any CPU
		Release|Any CPU = Release|Any CPU
	EndGlobalSection
	GlobalSection(ProjectConfigurationPlatforms) = postSolution
		{5377DBB8-294A-4D77-A560-B18067A99CF0}.Debug|Any CPU.ActiveCfg = Debug|Any CPU
		{5377DBB8-294A-4D77-A560-B18067A99CF0}.Debug|Any CPU.Build.0 = Debug|Any CPU
		{5377DBB8-294A-4D77-A560-B18067A99CF0}.Release|Any CPU.ActiveCfg = Release|Any CPU
		{5377DBB8-294A-4D77-A560-B18067A99CF0}.Release|Any CPU.Build.0 = Release|Any CPU
	EndGlobalSection
	GlobalSection(SolutionProperties) = preSolution
		HideSolutionNode = FALSE
	EndGlobalSection
	GlobalSection(ExtensibilityGlobals) = postSolution
		SolutionGuid = {96C5D102-A52B-4942-91B9-23B6C8ECCC37}
	EndGlobalSection
EndGlobal
