
Microsoft Visual Studio Solution File, Format Version 12.00
# Visual Studio Version 16
VisualStudioVersion = 16.0.29926.136
MinimumVisualStudioVersion = 10.0.40219.1
Project("{FAE04EC0-301F-11D3-BF4B-00C04F79EFBC}") = "JumpingontheClouds_Revisited", "JumpingontheClouds_Revisited\JumpingontheClouds_Revisited.csproj", "{EF02D7F6-FE70-42A9-8D0B-07AA7D160CBC}"
EndProject
Global
	GlobalSection(SolutionConfigurationPlatforms) = preSolution
		Debug|Any CPU = Debug|Any CPU
		Release|Any CPU = Release|Any CPU
	EndGlobalSection
	GlobalSection(ProjectConfigurationPlatforms) = postSolution
		{EF02D7F6-FE70-42A9-8D0B-07AA7D160CBC}.Debug|Any CPU.ActiveCfg = Debug|Any CPU
		{EF02D7F6-FE70-42A9-8D0B-07AA7D160CBC}.Debug|Any CPU.Build.0 = Debug|Any CPU
		{EF02D7F6-FE70-42A9-8D0B-07AA7D160CBC}.Release|Any CPU.ActiveCfg = Release|Any CPU
		{EF02D7F6-FE70-42A9-8D0B-07AA7D160CBC}.Release|Any CPU.Build.0 = Release|Any CPU
	EndGlobalSection
	GlobalSection(SolutionProperties) = preSolution
		HideSolutionNode = FALSE
	EndGlobalSection
	GlobalSection(ExtensibilityGlobals) = postSolution
		SolutionGuid = {564DCE63-660C-46A8-BB6E-A9803EA3D82E}
	EndGlobalSection
EndGlobal
